<?xml version="1.0" encoding="utf-8"?>
<Project ToolsVersion="4.0" xmlns="http://schemas.microsoft.com/developer/msbuild/2003">
  <ItemGroup>
    <Filter Include="Quelldateien">
      <UniqueIdentifier>{4FC737F1-C7A5-4376-A066-2A32D752A2FF}</UniqueIdentifier>
      <Extensions>cpp;c;cc;cxx;def;odl;idl;hpj;bat;asm;asmx</Extensions>
    </Filter>
    <Filter Include="Headerdateien">
      <UniqueIdentifier>{93995380-89BD-4b04-88EB-625FBE52EBFB}</UniqueIdentifier>
      <Extensions>h;hh;hpp;hxx;hm;inl;inc;ipp;xsd</Extensions>
    </Filter>
    <Filter Include="Ressourcendateien">
      <UniqueIdentifier>{67DA6AB6-F800-4c08-8B7A-83BB121AAD01}</UniqueIdentifier>
      <Extensions>rc;ico;cur;bmp;dlg;rc2;rct;bin;rgs;gif;jpg;jpeg;jpe;resx;tiff;tif;png;wav;mfcribbon-ms</Extensions>
    </Filter>
  </ItemGroup>
  <ItemGroup>
    <ClInclude Include="stdafx.h">
      <Filter>Headerdateien</Filter>
    </ClInclude>
    <ClInclude Include="targetver.h">
      <Filter>Headerdateien</Filter>
    </ClInclude>
    <ClInclude Include="jconfig.h">
      <Filter>Headerdateien</Filter>
    </ClInclude>
    <ClInclude Include="..\externals\libjpeg\cderror.h">
      <Filter>Headerdateien</Filter>
    </ClInclude>
    <ClInclude Include="..\externals\libjpeg\cdjpeg.h">
      <Filter>Headerdateien</Filter>
    </ClInclude>
    <ClInclude Include="..\externals\libjpeg\jdct.h">
      <Filter>Headerdateien</Filter>
    </ClInclude>
    <ClInclude Include="..\externals\libjpeg\jerror.h">
      <Filter>Headerdateien</Filter>
    </ClInclude>
    <ClInclude Include="..\externals\libjpeg\jinclude.h">
      <Filter>Headerdateien</Filter>
    </ClInclude>
    <ClInclude Include="..\externals\libjpeg\jmemsys.h">
      <Filter>Headerdateien</Filter>
    </ClInclude>
    <ClInclude Include="..\externals\libjpeg\jmorecfg.h">
      <Filter>Headerdateien</Filter>
    </ClInclude>
    <ClInclude Include="..\externals\libjpeg\jpegint.h">
      <Filter>Headerdateien</Filter>
    </ClInclude>
    <ClInclude Include="..\externals\libjpeg\jpeglib.h">
      <Filter>Headerdateien</Filter>
    </ClInclude>
    <ClInclude Include="..\externals\libjpeg\jversion.h">
      <Filter>Headerdateien</Filter>
    </ClInclude>
    <ClInclude Include="..\externals\libjpeg\transupp.h">
      <Filter>Headerdateien</Filter>
    </ClInclude>
  </ItemGroup>
  <ItemGroup>
    <ClCompile Include="stdafx.cpp">
      <Filter>Quelldateien</Filter>
    </ClCompile>
    <ClCompile Include="..\externals\libjpeg\jaricom.c">
      <Filter>Quelldateien</Filter>
    </ClCompile>
    <ClCompile Include="..\externals\libjpeg\jcapimin.c">
      <Filter>Quelldateien</Filter>
    </ClCompile>
    <ClCompile Include="..\externals\libjpeg\jcapistd.c">
      <Filter>Quelldateien</Filter>
    </ClCompile>
    <ClCompile Include="..\externals\libjpeg\jcarith.c">
      <Filter>Quelldateien</Filter>
    </ClCompile>
    <ClCompile Include="..\externals\libjpeg\jccoefct.c">
      <Filter>Quelldateien</Filter>
    </ClCompile>
    <ClCompile Include="..\externals\libjpeg\jccolor.c">
      <Filter>Quelldateien</Filter>
    </ClCompile>
    <ClCompile Include="..\externals\libjpeg\jcdctmgr.c">
      <Filter>Quelldateien</Filter>
    </ClCompile>
    <ClCompile Include="..\externals\libjpeg\jchuff.c">
      <Filter>Quelldateien</Filter>
    </ClCompile>
    <ClCompile Include="..\externals\libjpeg\jcinit.c">
      <Filter>Quelldateien</Filter>
    </ClCompile>
    <ClCompile Include="..\externals\libjpeg\jcmainct.c">
      <Filter>Quelldateien</Filter>
    </ClCompile>
    <ClCompile Include="..\externals\libjpeg\jcmarker.c">
      <Filter>Quelldateien</Filter>
    </ClCompile>
    <ClCompile Include="..\externals\libjpeg\jcmaster.c">
      <Filter>Quelldateien</Filter>
    </ClCompile>
    <ClCompile Include="..\externals\libjpeg\jcomapi.c">
      <Filter>Quelldateien</Filter>
    </ClCompile>
    <ClCompile Include="..\externals\libjpeg\jcparam.c">
      <Filter>Quelldateien</Filter>
    </ClCompile>
    <ClCompile Include="..\externals\libjpeg\jcprepct.c">
      <Filter>Quelldateien</Filter>
    </ClCompile>
    <ClCompile Include="..\externals\libjpeg\jcsample.c">
      <Filter>Quelldateien</Filter>
    </ClCompile>
    <ClCompile Include="..\externals\libjpeg\jctrans.c">
      <Filter>Quelldateien</Filter>
    </ClCompile>
    <ClCompile Include="..\externals\libjpeg\jdapimin.c">
      <Filter>Quelldateien</Filter>
    </ClCompile>
    <ClCompile Include="..\externals\libjpeg\jdapistd.c">
      <Filter>Quelldateien</Filter>
    </ClCompile>
    <ClCompile Include="..\externals\libjpeg\jdarith.c">
      <Filter>Quelldateien</Filter>
    </ClCompile>
    <ClCompile Include="..\externals\libjpeg\jdatadst.c">
      <Filter>Quelldateien</Filter>
    </ClCompile>
    <ClCompile Include="..\externals\libjpeg\jdatasrc.c">
      <Filter>Quelldateien</Filter>
    </ClCompile>
    <ClCompile Include="..\externals\libjpeg\jdcoefct.c">
      <Filter>Quelldateien</Filter>
    </ClCompile>
    <ClCompile Include="..\externals\libjpeg\jdcolor.c">
      <Filter>Quelldateien</Filter>
    </ClCompile>
    <ClCompile Include="..\externals\libjpeg\jddctmgr.c">
      <Filter>Quelldateien</Filter>
    </ClCompile>
    <ClCompile Include="..\externals\libjpeg\jdhuff.c">
      <Filter>Quelldateien</Filter>
    </ClCompile>
    <ClCompile Include="..\externals\libjpeg\jdinput.c">
      <Filter>Quelldateien</Filter>
    </ClCompile>
    <ClCompile Include="..\externals\libjpeg\jdmainct.c">
      <Filter>Quelldateien</Filter>
    </ClCompile>
    <ClCompile Include="..\externals\libjpeg\jdmarker.c">
      <Filter>Quelldateien</Filter>
    </ClCompile>
    <ClCompile Include="..\externals\libjpeg\jdmaster.c">
      <Filter>Quelldateien</Filter>
    </ClCompile>
    <ClCompile Include="..\externals\libjpeg\jdmerge.c">
      <Filter>Quelldateien</Filter>
    </ClCompile>
    <ClCompile Include="..\externals\libjpeg\jdpostct.c">
      <Filter>Quelldateien</Filter>
    </ClCompile>
    <ClCompile Include="..\externals\libjpeg\jdsample.c">
      <Filter>Quelldateien</Filter>
    </ClCompile>
    <ClCompile Include="..\externals\libjpeg\jdtrans.c">
      <Filter>Quelldateien</Filter>
    </ClCompile>
    <ClCompile Include="..\externals\libjpeg\jerror.c">
      <Filter>Quelldateien</Filter>
    </ClCompile>
    <ClCompile Include="..\externals\libjpeg\jfdctflt.c">
      <Filter>Quelldateien</Filter>
    </ClCompile>
    <ClCompile Include="..\externals\libjpeg\jfdctfst.c">
      <Filter>Quelldateien</Filter>
    </ClCompile>
    <ClCompile Include="..\externals\libjpeg\jfdctint.c">
      <Filter>Quelldateien</Filter>
    </ClCompile>
    <ClCompile Include="..\externals\libjpeg\jidctflt.c">
      <Filter>Quelldateien</Filter>
    </ClCompile>
    <ClCompile Include="..\externals\libjpeg\jidctfst.c">
      <Filter>Quelldateien</Filter>
    </ClCompile>
    <ClCompile Include="..\externals\libjpeg\jidctint.c">
      <Filter>Quelldateien</Filter>
    </ClCompile>
    <ClCompile Include="..\externals\libjpeg\jmemmgr.c">
      <Filter>Quelldateien</Filter>
    </ClCompile>
    <ClCompile Include="..\externals\libjpeg\jmemnobs.c">
      <Filter>Quelldateien</Filter>
    </ClCompile>
    <ClCompile Include="..\externals\libjpeg\jquant1.c">
      <Filter>Quelldateien</Filter>
    </ClCompile>
    <ClCompile Include="..\externals\libjpeg\jquant2.c">
      <Filter>Quelldateien</Filter>
    </ClCompile>
    <ClCompile Include="..\externals\libjpeg\jutils.c">
      <Filter>Quelldateien</Filter>
    </ClCompile>
    <ClCompile Include="..\externals\libjpeg\rdbmp.c">
      <Filter>Quelldateien</Filter>
    </ClCompile>
    <ClCompile Include="..\externals\libjpeg\rdcolmap.c">
      <Filter>Quelldateien</Filter>
    </ClCompile>
    <ClCompile Include="..\externals\libjpeg\rdgif.c">
      <Filter>Quelldateien</Filter>
    </ClCompile>
    <ClCompile Include="..\externals\libjpeg\rdppm.c">
      <Filter>Quelldateien</Filter>
    </ClCompile>
    <ClCompile Include="..\externals\libjpeg\rdrle.c">
      <Filter>Quelldateien</Filter>
    </ClCompile>
    <ClCompile Include="..\externals\libjpeg\rdswitch.c">
      <Filter>Quelldateien</Filter>
    </ClCompile>
    <ClCompile Include="..\externals\libjpeg\rdtarga.c">
      <Filter>Quelldateien</Filter>
    </ClCompile>
    <ClCompile Include="..\externals\libjpeg\transupp.c">
      <Filter>Quelldateien</Filter>
    </ClCompile>
    <ClCompile Include="..\externals\libjpeg\wrbmp.c">
      <Filter>Quelldateien</Filter>
    </ClCompile>
    <ClCompile Include="..\externals\libjpeg\wrgif.c">
      <Filter>Quelldateien</Filter>
    </ClCompile>
    <ClCompile Include="..\externals\libjpeg\wrppm.c">
      <Filter>Quelldateien</Filter>
    </ClCompile>
    <ClCompile Include="..\externals\libjpeg\wrrle.c">
      <Filter>Quelldateien</Filter>
    </ClCompile>
    <ClCompile Include="..\externals\libjpeg\wrtarga.c">
      <Filter>Quelldateien</Filter>
    </ClCompile>
  </ItemGroup>
</Project>